
Microsoft Visual Studio Solution File, Format Version 12.00
# Visual Studio Version 16
VisualStudioVersion = 16.0.31729.503
MinimumVisualStudioVersion = 10.0.40219.1
Project("{9A19103F-16F7-4668-BE54-9A1E7A4F7556}") = "Bowling", "Bowling\Bowling.csproj", "{53144EA5-9377-44F7-B03E-1084F2DA4954}"
EndProject
Project("{FAE04EC0-301F-11D3-BF4B-00C04F79EFBC}") = "BowlingTests", "BowlingTests\BowlingTests.csproj", "{A3E4114F-AB82-4C75-A107-809B91ACA1F0}"
EndProject
Project("{FAE04EC0-301F-11D3-BF4B-00C04F79EFBC}") = "BowlingLibrary", "BowlingLibrary\BowlingLibrary.csproj", "{A875E92B-E97C-4095-B51F-B61B75881E58}"
EndProject
Global
	GlobalSection(SolutionConfigurationPlatforms) = preSolution
		Debug|Any CPU = Debug|Any CPU
		Release|Any CPU = Release|Any CPU
	EndGlobalSection
	GlobalSection(ProjectConfigurationPlatforms) = postSolution
		{53144EA5-9377-44F7-B03E-1084F2DA4954}.Debug|Any CPU.ActiveCfg = Debug|Any CPU
		{53144EA5-9377-44F7-B03E-1084F2DA4954}.Debug|Any CPU.Build.0 = Debug|Any CPU
		{53144EA5-9377-44F7-B03E-1084F2DA4954}.Release|Any CPU.ActiveCfg = Release|Any CPU
		{53144EA5-9377-44F7-B03E-1084F2DA4954}.Release|Any CPU.Build.0 = Release|Any CPU
		{A3E4114F-AB82-4C75-A107-809B91ACA1F0}.Debug|Any CPU.ActiveCfg = Debug|Any CPU
		{A3E4114F-AB82-4C75-A107-809B91ACA1F0}.Debug|Any CPU.Build.0 = Debug|Any CPU
		{A3E4114F-AB82-4C75-A107-809B91ACA1F0}.Release|Any CPU.ActiveCfg = Release|Any CPU
		{A3E4114F-AB82-4C75-A107-809B91ACA1F0}.Release|Any CPU.Build.0 = Release|Any CPU
		{A875E92B-E97C-4095-B51F-B61B75881E58}.Debug|Any CPU.ActiveCfg = Debug|Any CPU
		{A875E92B-E97C-4095-B51F-B61B75881E58}.Debug|Any CPU.Build.0 = Debug|Any CPU
		{A875E92B-E97C-4095-B51F-B61B75881E58}.Release|Any CPU.ActiveCfg = Release|Any CPU
		{A875E92B-E97C-4095-B51F-B61B75881E58}.Release|Any CPU.Build.0 = Release|Any CPU
	EndGlobalSection
	GlobalSection(SolutionProperties) = preSolution
		HideSolutionNode = FALSE
	EndGlobalSection
	GlobalSection(ExtensibilityGlobals) = postSolution
		SolutionGuid = {21EE41DD-7335-41FC-BF2F-0225477190A2}
	EndGlobalSection
EndGlobal
